
Microsoft Visual Studio Solution File, Format Version 12.00
# Visual Studio 15
VisualStudioVersion = 15.0.27130.2036
MinimumVisualStudioVersion = 10.0.40219.1
Project("{FAE04EC0-301F-11D3-BF4B-00C04F79EFBC}") = "WebConsultas", "WebConsultas\WebConsultas.csproj", "{ADE3AFCD-15B1-46DC-8E38-81442B7C98B2}"
EndProject
Global
	GlobalSection(SolutionConfigurationPlatforms) = preSolution
		Debug|Any CPU = Debug|Any CPU
		Release|Any CPU = Release|Any CPU
	EndGlobalSection
	GlobalSection(ProjectConfigurationPlatforms) = postSolution
		{ADE3AFCD-15B1-46DC-8E38-81442B7C98B2}.Debug|Any CPU.ActiveCfg = Debug|Any CPU
		{ADE3AFCD-15B1-46DC-8E38-81442B7C98B2}.Debug|Any CPU.Build.0 = Debug|Any CPU
		{ADE3AFCD-15B1-46DC-8E38-81442B7C98B2}.Release|Any CPU.ActiveCfg = Release|Any CPU
		{ADE3AFCD-15B1-46DC-8E38-81442B7C98B2}.Release|Any CPU.Build.0 = Release|Any CPU
	EndGlobalSection
	GlobalSection(SolutionProperties) = preSolution
		HideSolutionNode = FALSE
	EndGlobalSection
	GlobalSection(ExtensibilityGlobals) = postSolution
		SolutionGuid = {C49DAAFE-40C2-495A-B03D-504FBDC6A5C4}
	EndGlobalSection
EndGlobal
